// !$*UTF8*$!
{
	archiveVersion = 1;
	classes = {
	};
	objectVersion = 56;
	objects = {

/* Begin PBXBuildFile section */
		F4BC8B832B91E0AB00C542DD /* AppDelegate.swift in Sources */ = {isa = PBXBuildFile; fileRef = F4BC8B822B91E0AB00C542DD /* AppDelegate.swift */; };
		F4BC8B852B91E0AB00C542DD /* SceneDelegate.swift in Sources */ = {isa = PBXBuildFile; fileRef = F4BC8B842B91E0AB00C542DD /* SceneDelegate.swift */; };
		F4BC8B872B91E0AB00C542DD /* RMTabBarViewController.swift in Sources */ = {isa = PBXBuildFile; fileRef = F4BC8B862B91E0AB00C542DD /* RMTabBarViewController.swift */; };
		F4BC8B8C2B91E0B000C542DD /* Assets.xcassets in Resources */ = {isa = PBXBuildFile; fileRef = F4BC8B8B2B91E0B000C542DD /* Assets.xcassets */; };
		F4BC8B8F2B91E0B000C542DD /* LaunchScreen.storyboard in Resources */ = {isa = PBXBuildFile; fileRef = F4BC8B8D2B91E0B000C542DD /* LaunchScreen.storyboard */; };
		F4BC8B9E2B91E48000C542DD /* RMEpisode.swift in Sources */ = {isa = PBXBuildFile; fileRef = F4BC8B9D2B91E48000C542DD /* RMEpisode.swift */; };
		F4BC8BA02B91E49400C542DD /* RMCharacter.swift in Sources */ = {isa = PBXBuildFile; fileRef = F4BC8B9F2B91E49400C542DD /* RMCharacter.swift */; };
		F4BC8BA22B91E4BA00C542DD /* RMLocation.swift in Sources */ = {isa = PBXBuildFile; fileRef = F4BC8BA12B91E4BA00C542DD /* RMLocation.swift */; };
		F4BC8BA52B91E74000C542DD /* RMCharacterViewController.swift in Sources */ = {isa = PBXBuildFile; fileRef = F4BC8BA42B91E74000C542DD /* RMCharacterViewController.swift */; };
		F4BC8BA72B91E76200C542DD /* RMLocationViewController.swift in Sources */ = {isa = PBXBuildFile; fileRef = F4BC8BA62B91E76200C542DD /* RMLocationViewController.swift */; };
		F4BC8BA92B91E78300C542DD /* RMEpisodeViewController.swift in Sources */ = {isa = PBXBuildFile; fileRef = F4BC8BA82B91E78300C542DD /* RMEpisodeViewController.swift */; };
		F4BC8BAB2B91E7A400C542DD /* RMSettingsViewController.swift in Sources */ = {isa = PBXBuildFile; fileRef = F4BC8BAA2B91E7A400C542DD /* RMSettingsViewController.swift */; };
		F4BC8BAD2B91F44C00C542DD /* RMService.swift in Sources */ = {isa = PBXBuildFile; fileRef = F4BC8BAC2B91F44C00C542DD /* RMService.swift */; };
		F4BC8BAF2B91F46500C542DD /* RMRequest.swift in Sources */ = {isa = PBXBuildFile; fileRef = F4BC8BAE2B91F46400C542DD /* RMRequest.swift */; };
		F4BC8BB12B91F51600C542DD /* RMEndpoint.swift in Sources */ = {isa = PBXBuildFile; fileRef = F4BC8BB02B91F51500C542DD /* RMEndpoint.swift */; };
		F4BC8BB32B91FB8500C542DD /* RMOrigin.swift in Sources */ = {isa = PBXBuildFile; fileRef = F4BC8BB22B91FB8500C542DD /* RMOrigin.swift */; };
		F4BC8BB52B91FC2700C542DD /* RMSingleLocation.swift in Sources */ = {isa = PBXBuildFile; fileRef = F4BC8BB42B91FC2700C542DD /* RMSingleLocation.swift */; };
		F4BC8BB72B91FD6700C542DD /* RMCharacterStatus.swift in Sources */ = {isa = PBXBuildFile; fileRef = F4BC8BB62B91FD6700C542DD /* RMCharacterStatus.swift */; };
		F4BC8BB92B91FE5000C542DD /* RMCharacterGender.swift in Sources */ = {isa = PBXBuildFile; fileRef = F4BC8BB82B91FE5000C542DD /* RMCharacterGender.swift */; };
/* End PBXBuildFile section */

/* Begin PBXFileReference section */
		F4BC8B7F2B91E0AB00C542DD /* RickAndMorty.app */ = {isa = PBXFileReference; explicitFileType = wrapper.application; includeInIndex = 0; path = RickAndMorty.app; sourceTree = BUILT_PRODUCTS_DIR; };
		F4BC8B822B91E0AB00C542DD /* AppDelegate.swift */ = {isa = PBXFileReference; lastKnownFileType = sourcecode.swift; path = AppDelegate.swift; sourceTree = "<group>"; };
		F4BC8B842B91E0AB00C542DD /* SceneDelegate.swift */ = {isa = PBXFileReference; lastKnownFileType = sourcecode.swift; path = SceneDelegate.swift; sourceTree = "<group>"; };
		F4BC8B862B91E0AB00C542DD /* RMTabBarViewController.swift */ = {isa = PBXFileReference; lastKnownFileType = sourcecode.swift; path = RMTabBarViewController.swift; sourceTree = "<group>"; };
		F4BC8B8B2B91E0B000C542DD /* Assets.xcassets */ = {isa = PBXFileReference; lastKnownFileType = folder.assetcatalog; path = Assets.xcassets; sourceTree = "<group>"; };
		F4BC8B8E2B91E0B000C542DD /* Base */ = {isa = PBXFileReference; lastKnownFileType = file.storyboard; name = Base; path = Base.lproj/LaunchScreen.storyboard; sourceTree = "<group>"; };
		F4BC8B902B91E0B000C542DD /* Info.plist */ = {isa = PBXFileReference; lastKnownFileType = text.plist.xml; path = Info.plist; sourceTree = "<group>"; };
		F4BC8B9D2B91E48000C542DD /* RMEpisode.swift */ = {isa = PBXFileReference; lastKnownFileType = sourcecode.swift; path = RMEpisode.swift; sourceTree = "<group>"; };
		F4BC8B9F2B91E49400C542DD /* RMCharacter.swift */ = {isa = PBXFileReference; lastKnownFileType = sourcecode.swift; path = RMCharacter.swift; sourceTree = "<group>"; };
		F4BC8BA12B91E4BA00C542DD /* RMLocation.swift */ = {isa = PBXFileReference; lastKnownFileType = sourcecode.swift; path = RMLocation.swift; sourceTree = "<group>"; };
		F4BC8BA42B91E74000C542DD /* RMCharacterViewController.swift */ = {isa = PBXFileReference; lastKnownFileType = sourcecode.swift; path = RMCharacterViewController.swift; sourceTree = "<group>"; };
		F4BC8BA62B91E76200C542DD /* RMLocationViewController.swift */ = {isa = PBXFileReference; lastKnownFileType = sourcecode.swift; path = RMLocationViewController.swift; sourceTree = "<group>"; };
		F4BC8BA82B91E78300C542DD /* RMEpisodeViewController.swift */ = {isa = PBXFileReference; lastKnownFileType = sourcecode.swift; path = RMEpisodeViewController.swift; sourceTree = "<group>"; };
		F4BC8BAA2B91E7A400C542DD /* RMSettingsViewController.swift */ = {isa = PBXFileReference; lastKnownFileType = sourcecode.swift; path = RMSettingsViewController.swift; sourceTree = "<group>"; };
		F4BC8BAC2B91F44C00C542DD /* RMService.swift */ = {isa = PBXFileReference; lastKnownFileType = sourcecode.swift; path = RMService.swift; sourceTree = "<group>"; };
		F4BC8BAE2B91F46400C542DD /* RMRequest.swift */ = {isa = PBXFileReference; lastKnownFileType = sourcecode.swift; path = RMRequest.swift; sourceTree = "<group>"; };
		F4BC8BB02B91F51500C542DD /* RMEndpoint.swift */ = {isa = PBXFileReference; lastKnownFileType = sourcecode.swift; path = RMEndpoint.swift; sourceTree = "<group>"; };
		F4BC8BB22B91FB8500C542DD /* RMOrigin.swift */ = {isa = PBXFileReference; lastKnownFileType = sourcecode.swift; path = RMOrigin.swift; sourceTree = "<group>"; };
		F4BC8BB42B91FC2700C542DD /* RMSingleLocation.swift */ = {isa = PBXFileReference; lastKnownFileType = sourcecode.swift; path = RMSingleLocation.swift; sourceTree = "<group>"; };
		F4BC8BB62B91FD6700C542DD /* RMCharacterStatus.swift */ = {isa = PBXFileReference; lastKnownFileType = sourcecode.swift; path = RMCharacterStatus.swift; sourceTree = "<group>"; };
		F4BC8BB82B91FE5000C542DD /* RMCharacterGender.swift */ = {isa = PBXFileReference; lastKnownFileType = sourcecode.swift; path = RMCharacterGender.swift; sourceTree = "<group>"; };
/* End PBXFileReference section */

/* Begin PBXFrameworksBuildPhase section */
		F4BC8B7C2B91E0AB00C542DD /* Frameworks */ = {
			isa = PBXFrameworksBuildPhase;
			buildActionMask = 2147483647;
			files = (
			);
			runOnlyForDeploymentPostprocessing = 0;
		};
/* End PBXFrameworksBuildPhase section */

/* Begin PBXGroup section */
		F4BC8B762B91E0AB00C542DD = {
			isa = PBXGroup;
			children = (
				F4BC8B812B91E0AB00C542DD /* RickAndMorty */,
				F4BC8B802B91E0AB00C542DD /* Products */,
			);
			sourceTree = "<group>";
		};
		F4BC8B802B91E0AB00C542DD /* Products */ = {
			isa = PBXGroup;
			children = (
				F4BC8B7F2B91E0AB00C542DD /* RickAndMorty.app */,
			);
			name = Products;
			sourceTree = "<group>";
		};
		F4BC8B812B91E0AB00C542DD /* RickAndMorty */ = {
			isa = PBXGroup;
			children = (
				F4BC8B9C2B91E30C00C542DD /* Resources */,
				F4BC8B9A2B91E2F400C542DD /* Managers */,
				F4BC8B9B2B91E2FF00C542DD /* APIClient */,
				F4BC8B992B91E2E900C542DD /* ViewModels */,
				F4BC8B982B91E2DE00C542DD /* Views */,
				F4BC8B972B91E2D600C542DD /* Models */,
				F4BC8B962B91E2C000C542DD /* Controllers */,
				F4BC8B902B91E0B000C542DD /* Info.plist */,
			);
			path = RickAndMorty;
			sourceTree = "<group>";
		};
		F4BC8B962B91E2C000C542DD /* Controllers */ = {
			isa = PBXGroup;
			children = (
				F4BC8BA32B91E52C00C542DD /* Core */,
			);
			path = Controllers;
			sourceTree = "<group>";
		};
		F4BC8B972B91E2D600C542DD /* Models */ = {
			isa = PBXGroup;
			children = (
				F4BC8BA12B91E4BA00C542DD /* RMLocation.swift */,
				F4BC8B9F2B91E49400C542DD /* RMCharacter.swift */,
				F4BC8B9D2B91E48000C542DD /* RMEpisode.swift */,
				F4BC8BB22B91FB8500C542DD /* RMOrigin.swift */,
				F4BC8BB42B91FC2700C542DD /* RMSingleLocation.swift */,
				F4BC8BB62B91FD6700C542DD /* RMCharacterStatus.swift */,
				F4BC8BB82B91FE5000C542DD /* RMCharacterGender.swift */,
			);
			path = Models;
			sourceTree = "<group>";
		};
		F4BC8B982B91E2DE00C542DD /* Views */ = {
			isa = PBXGroup;
			children = (
			);
			path = Views;
			sourceTree = "<group>";
		};
		F4BC8B992B91E2E900C542DD /* ViewModels */ = {
			isa = PBXGroup;
			children = (
			);
			path = ViewModels;
			sourceTree = "<group>";
		};
		F4BC8B9A2B91E2F400C542DD /* Managers */ = {
			isa = PBXGroup;
			children = (
			);
			path = Managers;
			sourceTree = "<group>";
		};
		F4BC8B9B2B91E2FF00C542DD /* APIClient */ = {
			isa = PBXGroup;
			children = (
				F4BC8BAC2B91F44C00C542DD /* RMService.swift */,
				F4BC8BAE2B91F46400C542DD /* RMRequest.swift */,
				F4BC8BB02B91F51500C542DD /* RMEndpoint.swift */,
			);
			path = APIClient;
			sourceTree = "<group>";
		};
		F4BC8B9C2B91E30C00C542DD /* Resources */ = {
			isa = PBXGroup;
			children = (
				F4BC8B8B2B91E0B000C542DD /* Assets.xcassets */,
				F4BC8B8D2B91E0B000C542DD /* LaunchScreen.storyboard */,
				F4BC8B822B91E0AB00C542DD /* AppDelegate.swift */,
				F4BC8B842B91E0AB00C542DD /* SceneDelegate.swift */,
			);
			path = Resources;
			sourceTree = "<group>";
		};
		F4BC8BA32B91E52C00C542DD /* Core */ = {
			isa = PBXGroup;
			children = (
				F4BC8B862B91E0AB00C542DD /* RMTabBarViewController.swift */,
				F4BC8BA42B91E74000C542DD /* RMCharacterViewController.swift */,
				F4BC8BA62B91E76200C542DD /* RMLocationViewController.swift */,
				F4BC8BA82B91E78300C542DD /* RMEpisodeViewController.swift */,
				F4BC8BAA2B91E7A400C542DD /* RMSettingsViewController.swift */,
			);
			path = Core;
			sourceTree = "<group>";
		};
/* End PBXGroup section */

/* Begin PBXNativeTarget section */
		F4BC8B7E2B91E0AB00C542DD /* RickAndMorty */ = {
			isa = PBXNativeTarget;
			buildConfigurationList = F4BC8B932B91E0B000C542DD /* Build configuration list for PBXNativeTarget "RickAndMorty" */;
			buildPhases = (
				F4BC8B7B2B91E0AB00C542DD /* Sources */,
				F4BC8B7C2B91E0AB00C542DD /* Frameworks */,
				F4BC8B7D2B91E0AB00C542DD /* Resources */,
			);
			buildRules = (
			);
			dependencies = (
			);
			name = RickAndMorty;
			productName = RickAndMorty;
			productReference = F4BC8B7F2B91E0AB00C542DD /* RickAndMorty.app */;
			productType = "com.apple.product-type.application";
		};
/* End PBXNativeTarget section */

/* Begin PBXProject section */
		F4BC8B772B91E0AB00C542DD /* Project object */ = {
			isa = PBXProject;
			attributes = {
				BuildIndependentTargetsInParallel = 1;
				LastSwiftUpdateCheck = 1500;
				LastUpgradeCheck = 1500;
				TargetAttributes = {
					F4BC8B7E2B91E0AB00C542DD = {
						CreatedOnToolsVersion = 15.0;
					};
				};
			};
			buildConfigurationList = F4BC8B7A2B91E0AB00C542DD /* Build configuration list for PBXProject "RickAndMorty" */;
			compatibilityVersion = "Xcode 14.0";
			developmentRegion = en;
			hasScannedForEncodings = 0;
			knownRegions = (
				en,
				Base,
			);
			mainGroup = F4BC8B762B91E0AB00C542DD;
			productRefGroup = F4BC8B802B91E0AB00C542DD /* Products */;
			projectDirPath = "";
			projectRoot = "";
			targets = (
				F4BC8B7E2B91E0AB00C542DD /* RickAndMorty */,
			);
		};
/* End PBXProject section */

/* Begin PBXResourcesBuildPhase section */
		F4BC8B7D2B91E0AB00C542DD /* Resources */ = {
			isa = PBXResourcesBuildPhase;
			buildActionMask = 2147483647;
			files = (
				F4BC8B8F2B91E0B000C542DD /* LaunchScreen.storyboard in Resources */,
				F4BC8B8C2B91E0B000C542DD /* Assets.xcassets in Resources */,
			);
			runOnlyForDeploymentPostprocessing = 0;
		};
/* End PBXResourcesBuildPhase section */

/* Begin PBXSourcesBuildPhase section */
		F4BC8B7B2B91E0AB00C542DD /* Sources */ = {
			isa = PBXSourcesBuildPhase;
			buildActionMask = 2147483647;
			files = (
				F4BC8BB32B91FB8500C542DD /* RMOrigin.swift in Sources */,
				F4BC8BB52B91FC2700C542DD /* RMSingleLocation.swift in Sources */,
				F4BC8BB72B91FD6700C542DD /* RMCharacterStatus.swift in Sources */,
				F4BC8BB92B91FE5000C542DD /* RMCharacterGender.swift in Sources */,
				F4BC8BA72B91E76200C542DD /* RMLocationViewController.swift in Sources */,
				F4BC8B872B91E0AB00C542DD /* RMTabBarViewController.swift in Sources */,
				F4BC8BA22B91E4BA00C542DD /* RMLocation.swift in Sources */,
				F4BC8BA92B91E78300C542DD /* RMEpisodeViewController.swift in Sources */,
				F4BC8B832B91E0AB00C542DD /* AppDelegate.swift in Sources */,
				F4BC8B9E2B91E48000C542DD /* RMEpisode.swift in Sources */,
				F4BC8BAB2B91E7A400C542DD /* RMSettingsViewController.swift in Sources */,
				F4BC8BAD2B91F44C00C542DD /* RMService.swift in Sources */,
				F4BC8B852B91E0AB00C542DD /* SceneDelegate.swift in Sources */,
				F4BC8BB12B91F51600C542DD /* RMEndpoint.swift in Sources */,
				F4BC8BA02B91E49400C542DD /* RMCharacter.swift in Sources */,
				F4BC8BAF2B91F46500C542DD /* RMRequest.swift in Sources */,
				F4BC8BA52B91E74000C542DD /* RMCharacterViewController.swift in Sources */,
			);
			runOnlyForDeploymentPostprocessing = 0;
		};
/* End PBXSourcesBuildPhase section */

/* Begin PBXVariantGroup section */
		F4BC8B8D2B91E0B000C542DD /* LaunchScreen.storyboard */ = {
			isa = PBXVariantGroup;
			children = (
				F4BC8B8E2B91E0B000C542DD /* Base */,
			);
			name = LaunchScreen.storyboard;
			sourceTree = "<group>";
		};
/* End PBXVariantGroup section */

/* Begin XCBuildConfiguration section */
		F4BC8B912B91E0B000C542DD /* Debug */ = {
			isa = XCBuildConfiguration;
			buildSettings = {
				ALWAYS_SEARCH_USER_PATHS = NO;
				ASSETCATALOG_COMPILER_GENERATE_SWIFT_ASSET_SYMBOL_EXTENSIONS = YES;
				CLANG_ANALYZER_NONNULL = YES;
				CLANG_ANALYZER_NUMBER_OBJECT_CONVERSION = YES_AGGRESSIVE;
				CLANG_CXX_LANGUAGE_STANDARD = "gnu++20";
				CLANG_ENABLE_MODULES = YES;
				CLANG_ENABLE_OBJC_ARC = YES;
				CLANG_ENABLE_OBJC_WEAK = YES;
				CLANG_WARN_BLOCK_CAPTURE_AUTORELEASING = YES;
				CLANG_WARN_BOOL_CONVERSION = YES;
				CLANG_WARN_COMMA = YES;
				CLANG_WARN_CONSTANT_CONVERSION = YES;
				CLANG_WARN_DEPRECATED_OBJC_IMPLEMENTATIONS = YES;
				CLANG_WARN_DIRECT_OBJC_ISA_USAGE = YES_ERROR;
				CLANG_WARN_DOCUMENTATION_COMMENTS = YES;
				CLANG_WARN_EMPTY_BODY = YES;
				CLANG_WARN_ENUM_CONVERSION = YES;
				CLANG_WARN_INFINITE_RECURSION = YES;
				CLANG_WARN_INT_CONVERSION = YES;
				CLANG_WARN_NON_LITERAL_NULL_CONVERSION = YES;
				CLANG_WARN_OBJC_IMPLICIT_RETAIN_SELF = YES;
				CLANG_WARN_OBJC_LITERAL_CONVERSION = YES;
				CLANG_WARN_OBJC_ROOT_CLASS = YES_ERROR;
				CLANG_WARN_QUOTED_INCLUDE_IN_FRAMEWORK_HEADER = YES;
				CLANG_WARN_RANGE_LOOP_ANALYSIS = YES;
				CLANG_WARN_STRICT_PROTOTYPES = YES;
				CLANG_WARN_SUSPICIOUS_MOVE = YES;
				CLANG_WARN_UNGUARDED_AVAILABILITY = YES_AGGRESSIVE;
				CLANG_WARN_UNREACHABLE_CODE = YES;
				CLANG_WARN__DUPLICATE_METHOD_MATCH = YES;
				COPY_PHASE_STRIP = NO;
				DEBUG_INFORMATION_FORMAT = dwarf;
				ENABLE_STRICT_OBJC_MSGSEND = YES;
				ENABLE_TESTABILITY = YES;
				ENABLE_USER_SCRIPT_SANDBOXING = YES;
				GCC_C_LANGUAGE_STANDARD = gnu17;
				GCC_DYNAMIC_NO_PIC = NO;
				GCC_NO_COMMON_BLOCKS = YES;
				GCC_OPTIMIZATION_LEVEL = 0;
				GCC_PREPROCESSOR_DEFINITIONS = (
					"DEBUG=1",
					"$(inherited)",
				);
				GCC_WARN_64_TO_32_BIT_CONVERSION = YES;
				GCC_WARN_ABOUT_RETURN_TYPE = YES_ERROR;
				GCC_WARN_UNDECLARED_SELECTOR = YES;
				GCC_WARN_UNINITIALIZED_AUTOS = YES_AGGRESSIVE;
				GCC_WARN_UNUSED_FUNCTION = YES;
				GCC_WARN_UNUSED_VARIABLE = YES;
				IPHONEOS_DEPLOYMENT_TARGET = 17.0;
				LOCALIZATION_PREFERS_STRING_CATALOGS = YES;
				MTL_ENABLE_DEBUG_INFO = INCLUDE_SOURCE;
				MTL_FAST_MATH = YES;
				ONLY_ACTIVE_ARCH = YES;
				SDKROOT = iphoneos;
				SWIFT_ACTIVE_COMPILATION_CONDITIONS = "DEBUG $(inherited)";
				SWIFT_OPTIMIZATION_LEVEL = "-Onone";
			};
			name = Debug;
		};
		F4BC8B922B91E0B000C542DD /* Release */ = {
			isa = XCBuildConfiguration;
			buildSettings = {
				ALWAYS_SEARCH_USER_PATHS = NO;
				ASSETCATALOG_COMPILER_GENERATE_SWIFT_ASSET_SYMBOL_EXTENSIONS = YES;
				CLANG_ANALYZER_NONNULL = YES;
				CLANG_ANALYZER_NUMBER_OBJECT_CONVERSION = YES_AGGRESSIVE;
				CLANG_CXX_LANGUAGE_STANDARD = "gnu++20";
				CLANG_ENABLE_MODULES = YES;
				CLANG_ENABLE_OBJC_ARC = YES;
				CLANG_ENABLE_OBJC_WEAK = YES;
				CLANG_WARN_BLOCK_CAPTURE_AUTORELEASING = YES;
				CLANG_WARN_BOOL_CONVERSION = YES;
				CLANG_WARN_COMMA = YES;
				CLANG_WARN_CONSTANT_CONVERSION = YES;
				CLANG_WARN_DEPRECATED_OBJC_IMPLEMENTATIONS = YES;
				CLANG_WARN_DIRECT_OBJC_ISA_USAGE = YES_ERROR;
				CLANG_WARN_DOCUMENTATION_COMMENTS = YES;
				CLANG_WARN_EMPTY_BODY = YES;
				CLANG_WARN_ENUM_CONVERSION = YES;
				CLANG_WARN_INFINITE_RECURSION = YES;
				CLANG_WARN_INT_CONVERSION = YES;
				CLANG_WARN_NON_LITERAL_NULL_CONVERSION = YES;
				CLANG_WARN_OBJC_IMPLICIT_RETAIN_SELF = YES;
				CLANG_WARN_OBJC_LITERAL_CONVERSION = YES;
				CLANG_WARN_OBJC_ROOT_CLASS = YES_ERROR;
				CLANG_WARN_QUOTED_INCLUDE_IN_FRAMEWORK_HEADER = YES;
				CLANG_WARN_RANGE_LOOP_ANALYSIS = YES;
				CLANG_WARN_STRICT_PROTOTYPES = YES;
				CLANG_WARN_SUSPICIOUS_MOVE = YES;
				CLANG_WARN_UNGUARDED_AVAILABILITY = YES_AGGRESSIVE;
				CLANG_WARN_UNREACHABLE_CODE = YES;
				CLANG_WARN__DUPLICATE_METHOD_MATCH = YES;
				COPY_PHASE_STRIP = NO;
				DEBUG_INFORMATION_FORMAT = "dwarf-with-dsym";
				ENABLE_NS_ASSERTIONS = NO;
				ENABLE_STRICT_OBJC_MSGSEND = YES;
				ENABLE_USER_SCRIPT_SANDBOXING = YES;
				GCC_C_LANGUAGE_STANDARD = gnu17;
				GCC_NO_COMMON_BLOCKS = YES;
				GCC_WARN_64_TO_32_BIT_CONVERSION = YES;
				GCC_WARN_ABOUT_RETURN_TYPE = YES_ERROR;
				GCC_WARN_UNDECLARED_SELECTOR = YES;
				GCC_WARN_UNINITIALIZED_AUTOS = YES_AGGRESSIVE;
				GCC_WARN_UNUSED_FUNCTION = YES;
				GCC_WARN_UNUSED_VARIABLE = YES;
				IPHONEOS_DEPLOYMENT_TARGET = 17.0;
				LOCALIZATION_PREFERS_STRING_CATALOGS = YES;
				MTL_ENABLE_DEBUG_INFO = NO;
				MTL_FAST_MATH = YES;
				SDKROOT = iphoneos;
				SWIFT_COMPILATION_MODE = wholemodule;
				VALIDATE_PRODUCT = YES;
			};
			name = Release;
		};
		F4BC8B942B91E0B000C542DD /* Debug */ = {
			isa = XCBuildConfiguration;
			buildSettings = {
				ASSETCATALOG_COMPILER_APPICON_NAME = AppIcon;
				ASSETCATALOG_COMPILER_GLOBAL_ACCENT_COLOR_NAME = AccentColor;
				CODE_SIGN_STYLE = Automatic;
				CURRENT_PROJECT_VERSION = 1;
				DEVELOPMENT_TEAM = 94FVSLY3WZ;
				GENERATE_INFOPLIST_FILE = YES;
				INFOPLIST_FILE = RickAndMorty/Info.plist;
				INFOPLIST_KEY_UIApplicationSupportsIndirectInputEvents = YES;
				INFOPLIST_KEY_UILaunchStoryboardName = LaunchScreen;
				INFOPLIST_KEY_UISupportedInterfaceOrientations_iPad = "UIInterfaceOrientationPortrait UIInterfaceOrientationPortraitUpsideDown UIInterfaceOrientationLandscapeLeft UIInterfaceOrientationLandscapeRight";
				INFOPLIST_KEY_UISupportedInterfaceOrientations_iPhone = "UIInterfaceOrientationPortrait UIInterfaceOrientationLandscapeLeft UIInterfaceOrientationLandscapeRight";
				LD_RUNPATH_SEARCH_PATHS = (
					"$(inherited)",
					"@executable_path/Frameworks",
				);
				MARKETING_VERSION = 1.0;
				PRODUCT_BUNDLE_IDENTIFIER = by.sanches.RickAndMorty;
				PRODUCT_NAME = "$(TARGET_NAME)";
				SWIFT_EMIT_LOC_STRINGS = YES;
				SWIFT_VERSION = 5.0;
				TARGETED_DEVICE_FAMILY = "1,2";
			};
			name = Debug;
		};
		F4BC8B952B91E0B000C542DD /* Release */ = {
			isa = XCBuildConfiguration;
			buildSettings = {
				ASSETCATALOG_COMPILER_APPICON_NAME = AppIcon;
				ASSETCATALOG_COMPILER_GLOBAL_ACCENT_COLOR_NAME = AccentColor;
				CODE_SIGN_STYLE = Automatic;
				CURRENT_PROJECT_VERSION = 1;
				DEVELOPMENT_TEAM = 94FVSLY3WZ;
				GENERATE_INFOPLIST_FILE = YES;
				INFOPLIST_FILE = RickAndMorty/Info.plist;
				INFOPLIST_KEY_UIApplicationSupportsIndirectInputEvents = YES;
				INFOPLIST_KEY_UILaunchStoryboardName = LaunchScreen;
				INFOPLIST_KEY_UISupportedInterfaceOrientations_iPad = "UIInterfaceOrientationPortrait UIInterfaceOrientationPortraitUpsideDown UIInterfaceOrientationLandscapeLeft UIInterfaceOrientationLandscapeRight";
				INFOPLIST_KEY_UISupportedInterfaceOrientations_iPhone = "UIInterfaceOrientationPortrait UIInterfaceOrientationLandscapeLeft UIInterfaceOrientationLandscapeRight";
				LD_RUNPATH_SEARCH_PATHS = (
					"$(inherited)",
					"@executable_path/Frameworks",
				);
				MARKETING_VERSION = 1.0;
				PRODUCT_BUNDLE_IDENTIFIER = by.sanches.RickAndMorty;
				PRODUCT_NAME = "$(TARGET_NAME)";
				SWIFT_EMIT_LOC_STRINGS = YES;
				SWIFT_VERSION = 5.0;
				TARGETED_DEVICE_FAMILY = "1,2";
			};
			name = Release;
		};
/* End XCBuildConfiguration section */

/* Begin XCConfigurationList section */
		F4BC8B7A2B91E0AB00C542DD /* Build configuration list for PBXProject "RickAndMorty" */ = {
			isa = XCConfigurationList;
			buildConfigurations = (
				F4BC8B912B91E0B000C542DD /* Debug */,
				F4BC8B922B91E0B000C542DD /* Release */,
			);
			defaultConfigurationIsVisible = 0;
			defaultConfigurationName = Release;
		};
		F4BC8B932B91E0B000C542DD /* Build configuration list for PBXNativeTarget "RickAndMorty" */ = {
			isa = XCConfigurationList;
			buildConfigurations = (
				F4BC8B942B91E0B000C542DD /* Debug */,
				F4BC8B952B91E0B000C542DD /* Release */,
			);
			defaultConfigurationIsVisible = 0;
			defaultConfigurationName = Release;
		};
/* End XCConfigurationList section */
	};
	rootObject = F4BC8B772B91E0AB00C542DD /* Project object */;
}
